
Microsoft Visual Studio Solution File, Format Version 12.00
# Visual Studio Version 16
VisualStudioVersion = 16.0.30804.86
MinimumVisualStudioVersion = 10.0.40219.1
Project("{FAE04EC0-301F-11D3-BF4B-00C04F79EFBC}") = "Harjoitus15", "Harjoitus15\Harjoitus15.csproj", "{CC04D565-8C04-4511-B115-837A4645A01B}"
EndProject
Global
	GlobalSection(SolutionConfigurationPlatforms) = preSolution
		Debug|Any CPU = Debug|Any CPU
		Release|Any CPU = Release|Any CPU
	EndGlobalSection
	GlobalSection(ProjectConfigurationPlatforms) = postSolution
		{CC04D565-8C04-4511-B115-837A4645A01B}.Debug|Any CPU.ActiveCfg = Debug|Any CPU
		{CC04D565-8C04-4511-B115-837A4645A01B}.Debug|Any CPU.Build.0 = Debug|Any CPU
		{CC04D565-8C04-4511-B115-837A4645A01B}.Release|Any CPU.ActiveCfg = Release|Any CPU
		{CC04D565-8C04-4511-B115-837A4645A01B}.Release|Any CPU.Build.0 = Release|Any CPU
	EndGlobalSection
	GlobalSection(SolutionProperties) = preSolution
		HideSolutionNode = FALSE
	EndGlobalSection
	GlobalSection(ExtensibilityGlobals) = postSolution
		SolutionGuid = {E3B5DD21-C84B-45F7-86A2-9543E0190A3D}
	EndGlobalSection
EndGlobal
